// !$*UTF8*$!
{
	archiveVersion = 1;
	classes = {
	};
	objectVersion = 46;
	objects = {

/* Begin PBXBuildFile section */
		081E01211C936C8600C3171A /* GRDB.framework in Frameworks */ = {isa = PBXBuildFile; fileRef = 081E011D1C936C2900C3171A /* GRDB.framework */; };
		081E01231C93729D00C3171A /* DB.swift in Sources */ = {isa = PBXBuildFile; fileRef = 081E01221C93729D00C3171A /* DB.swift */; };
		085BF18E1C8E1A450012F3AE /* StudentEvalTableViewController.swift in Sources */ = {isa = PBXBuildFile; fileRef = 085BF18D1C8E1A450012F3AE /* StudentEvalTableViewController.swift */; };
		085BF1901C8E22870012F3AE /* StudentEvalTableViewCell.swift in Sources */ = {isa = PBXBuildFile; fileRef = 085BF18F1C8E22870012F3AE /* StudentEvalTableViewCell.swift */; };
		087BAA421C86A38000575845 /* StudentEval.swift in Sources */ = {isa = PBXBuildFile; fileRef = 087BAA411C86A38000575845 /* StudentEval.swift */; };
		087BAA441C86A52700575845 /* StudentMeasure.swift in Sources */ = {isa = PBXBuildFile; fileRef = 087BAA431C86A52700575845 /* StudentMeasure.swift */; };
		087BAA461C8947AC00575845 /* EvalTableViewCell.swift in Sources */ = {isa = PBXBuildFile; fileRef = 087BAA451C8947AC00575845 /* EvalTableViewCell.swift */; };
		08D906D51C84E16500661C69 /* LoginViewController.swift in Sources */ = {isa = PBXBuildFile; fileRef = 08D906D41C84E16500661C69 /* LoginViewController.swift */; };
		08D906D71C84EA5900661C69 /* Instructor.swift in Sources */ = {isa = PBXBuildFile; fileRef = 08D906D61C84EA5900661C69 /* Instructor.swift */; };
		08D906D91C85F9EF00661C69 /* StartupViewController.swift in Sources */ = {isa = PBXBuildFile; fileRef = 08D906D81C85F9EF00661C69 /* StartupViewController.swift */; };
		08F58E4B1C7F91E8001B21FB /* AppDelegate.swift in Sources */ = {isa = PBXBuildFile; fileRef = 08F58E4A1C7F91E8001B21FB /* AppDelegate.swift */; };
		08F58E4D1C7F91E8001B21FB /* ViewController.swift in Sources */ = {isa = PBXBuildFile; fileRef = 08F58E4C1C7F91E8001B21FB /* ViewController.swift */; };
		08F58E501C7F91E8001B21FB /* Main.storyboard in Resources */ = {isa = PBXBuildFile; fileRef = 08F58E4E1C7F91E8001B21FB /* Main.storyboard */; };
		08F58E531C7F91E8001B21FB /* Academy_Tools.xcdatamodeld in Sources */ = {isa = PBXBuildFile; fileRef = 08F58E511C7F91E8001B21FB /* Academy_Tools.xcdatamodeld */; };
		08F58E551C7F91E8001B21FB /* Assets.xcassets in Resources */ = {isa = PBXBuildFile; fileRef = 08F58E541C7F91E8001B21FB /* Assets.xcassets */; };
		08F58E581C7F91E8001B21FB /* LaunchScreen.storyboard in Resources */ = {isa = PBXBuildFile; fileRef = 08F58E561C7F91E8001B21FB /* LaunchScreen.storyboard */; };
		08F58E631C7F91E9001B21FB /* Academy_ToolsTests.swift in Sources */ = {isa = PBXBuildFile; fileRef = 08F58E621C7F91E9001B21FB /* Academy_ToolsTests.swift */; };
		08F58E6E1C7FA461001B21FB /* ConnectedToNetwork.swift in Sources */ = {isa = PBXBuildFile; fileRef = 08F58E6D1C7FA461001B21FB /* ConnectedToNetwork.swift */; };
		08F58E701C7FFFB0001B21FB /* AcademyTableViewController.swift in Sources */ = {isa = PBXBuildFile; fileRef = 08F58E6F1C7FFFB0001B21FB /* AcademyTableViewController.swift */; };
		08F58E721C8001CC001B21FB /* Academy.swift in Sources */ = {isa = PBXBuildFile; fileRef = 08F58E711C8001CC001B21FB /* Academy.swift */; };
		08F58E741C800B9C001B21FB /* SwiftyJSON.swift in Sources */ = {isa = PBXBuildFile; fileRef = 08F58E731C800B9C001B21FB /* SwiftyJSON.swift */; };
		08F58E761C8011E9001B21FB /* AcademyTableViewCell.swift in Sources */ = {isa = PBXBuildFile; fileRef = 08F58E751C8011E9001B21FB /* AcademyTableViewCell.swift */; };
		08F58E781C80A1AA001B21FB /* StudentTableViewController.swift in Sources */ = {isa = PBXBuildFile; fileRef = 08F58E771C80A1AA001B21FB /* StudentTableViewController.swift */; };
		08F58E7A1C80B611001B21FB /* Student.swift in Sources */ = {isa = PBXBuildFile; fileRef = 08F58E791C80B611001B21FB /* Student.swift */; };
		08F58E7C1C80F40E001B21FB /* StudentTableViewCell.swift in Sources */ = {isa = PBXBuildFile; fileRef = 08F58E7B1C80F40E001B21FB /* StudentTableViewCell.swift */; };
		08F58E7E1C81362B001B21FB /* Skill.swift in Sources */ = {isa = PBXBuildFile; fileRef = 08F58E7D1C81362B001B21FB /* Skill.swift */; };
		08F58E801C813675001B21FB /* SkillMeasure.swift in Sources */ = {isa = PBXBuildFile; fileRef = 08F58E7F1C813675001B21FB /* SkillMeasure.swift */; };
		08F58E821C82B920001B21FB /* StudentViewController.swift in Sources */ = {isa = PBXBuildFile; fileRef = 08F58E811C82B920001B21FB /* StudentViewController.swift */; };
/* End PBXBuildFile section */

/* Begin PBXContainerItemProxy section */
		081E01141C936C2900C3171A /* PBXContainerItemProxy */ = {
			isa = PBXContainerItemProxy;
			containerPortal = 081E010A1C936C2900C3171A /* GRDB.xcodeproj */;
			proxyType = 2;
			remoteGlobalIDString = DC3773F319C8CBB3004FCF85;
			remoteInfo = GRDBOSX;
		};
		081E01161C936C2900C3171A /* PBXContainerItemProxy */ = {
			isa = PBXContainerItemProxy;
			containerPortal = 081E010A1C936C2900C3171A /* GRDB.xcodeproj */;
			proxyType = 2;
			remoteGlobalIDString = 56553C181C3E906C00522B5C;
			remoteInfo = GRDBOSXCrashTests;
		};
		081E01181C936C2900C3171A /* PBXContainerItemProxy */ = {
			isa = PBXContainerItemProxy;
			containerPortal = 081E010A1C936C2900C3171A /* GRDB.xcodeproj */;
			proxyType = 2;
			remoteGlobalIDString = 56E5D7F91B4D422D00430942;
			remoteInfo = GRDBOSXTests;
		};
		081E011A1C936C2900C3171A /* PBXContainerItemProxy */ = {
			isa = PBXContainerItemProxy;
			containerPortal = 081E010A1C936C2900C3171A /* GRDB.xcodeproj */;
			proxyType = 2;
			remoteGlobalIDString = 560C981A1C0E22D300BF8471;
			remoteInfo = GRDBOSXPerformanceTests;
		};
		081E011C1C936C2900C3171A /* PBXContainerItemProxy */ = {
			isa = PBXContainerItemProxy;
			containerPortal = 081E010A1C936C2900C3171A /* GRDB.xcodeproj */;
			proxyType = 2;
			remoteGlobalIDString = 56E5D7CA1B4D3FED00430942;
			remoteInfo = GRDBiOS;
		};
		081E011E1C936C2900C3171A /* PBXContainerItemProxy */ = {
			isa = PBXContainerItemProxy;
			containerPortal = 081E010A1C936C2900C3171A /* GRDB.xcodeproj */;
			proxyType = 2;
			remoteGlobalIDString = 56E5D7D31B4D3FEE00430942;
			remoteInfo = GRDBiOSTests;
		};
		08F58E5F1C7F91E9001B21FB /* PBXContainerItemProxy */ = {
			isa = PBXContainerItemProxy;
			containerPortal = 08F58E3F1C7F91E8001B21FB /* Project object */;
			proxyType = 1;
			remoteGlobalIDString = 08F58E461C7F91E8001B21FB;
			remoteInfo = "Academy Tools";
		};
/* End PBXContainerItemProxy section */

/* Begin PBXFileReference section */
		081E010A1C936C2900C3171A /* GRDB.xcodeproj */ = {isa = PBXFileReference; lastKnownFileType = "wrapper.pb-project"; name = GRDB.xcodeproj; path = "../../../../Downloads/GRDB.swift-master/GRDB.xcodeproj"; sourceTree = "<group>"; };
		081E01221C93729D00C3171A /* DB.swift */ = {isa = PBXFileReference; fileEncoding = 4; lastKnownFileType = sourcecode.swift; path = DB.swift; sourceTree = "<group>"; };
		085BF18D1C8E1A450012F3AE /* StudentEvalTableViewController.swift */ = {isa = PBXFileReference; fileEncoding = 4; lastKnownFileType = sourcecode.swift; path = StudentEvalTableViewController.swift; sourceTree = "<group>"; };
		085BF18F1C8E22870012F3AE /* StudentEvalTableViewCell.swift */ = {isa = PBXFileReference; fileEncoding = 4; lastKnownFileType = sourcecode.swift; path = StudentEvalTableViewCell.swift; sourceTree = "<group>"; };
		087BAA411C86A38000575845 /* StudentEval.swift */ = {isa = PBXFileReference; fileEncoding = 4; lastKnownFileType = sourcecode.swift; path = StudentEval.swift; sourceTree = "<group>"; };
		087BAA431C86A52700575845 /* StudentMeasure.swift */ = {isa = PBXFileReference; fileEncoding = 4; lastKnownFileType = sourcecode.swift; path = StudentMeasure.swift; sourceTree = "<group>"; };
		087BAA451C8947AC00575845 /* EvalTableViewCell.swift */ = {isa = PBXFileReference; fileEncoding = 4; lastKnownFileType = sourcecode.swift; path = EvalTableViewCell.swift; sourceTree = "<group>"; };
		08D906D41C84E16500661C69 /* LoginViewController.swift */ = {isa = PBXFileReference; fileEncoding = 4; lastKnownFileType = sourcecode.swift; path = LoginViewController.swift; sourceTree = "<group>"; };
		08D906D61C84EA5900661C69 /* Instructor.swift */ = {isa = PBXFileReference; fileEncoding = 4; lastKnownFileType = sourcecode.swift; path = Instructor.swift; sourceTree = "<group>"; };
		08D906D81C85F9EF00661C69 /* StartupViewController.swift */ = {isa = PBXFileReference; fileEncoding = 4; lastKnownFileType = sourcecode.swift; path = StartupViewController.swift; sourceTree = "<group>"; };
		08F58E471C7F91E8001B21FB /* Academy Tools.app */ = {isa = PBXFileReference; explicitFileType = wrapper.application; includeInIndex = 0; path = "Academy Tools.app"; sourceTree = BUILT_PRODUCTS_DIR; };
		08F58E4A1C7F91E8001B21FB /* AppDelegate.swift */ = {isa = PBXFileReference; lastKnownFileType = sourcecode.swift; path = AppDelegate.swift; sourceTree = "<group>"; };
		08F58E4C1C7F91E8001B21FB /* ViewController.swift */ = {isa = PBXFileReference; lastKnownFileType = sourcecode.swift; path = ViewController.swift; sourceTree = "<group>"; };
		08F58E4F1C7F91E8001B21FB /* Base */ = {isa = PBXFileReference; lastKnownFileType = file.storyboard; name = Base; path = Base.lproj/Main.storyboard; sourceTree = "<group>"; };
		08F58E521C7F91E8001B21FB /* Academy_Tools.xcdatamodel */ = {isa = PBXFileReference; lastKnownFileType = wrapper.xcdatamodel; path = Academy_Tools.xcdatamodel; sourceTree = "<group>"; };
		08F58E541C7F91E8001B21FB /* Assets.xcassets */ = {isa = PBXFileReference; lastKnownFileType = folder.assetcatalog; path = Assets.xcassets; sourceTree = "<group>"; };
		08F58E571C7F91E8001B21FB /* Base */ = {isa = PBXFileReference; lastKnownFileType = file.storyboard; name = Base; path = Base.lproj/LaunchScreen.storyboard; sourceTree = "<group>"; };
		08F58E591C7F91E8001B21FB /* Info.plist */ = {isa = PBXFileReference; lastKnownFileType = text.plist.xml; path = Info.plist; sourceTree = "<group>"; };
		08F58E5E1C7F91E9001B21FB /* Academy ToolsTests.xctest */ = {isa = PBXFileReference; explicitFileType = wrapper.cfbundle; includeInIndex = 0; path = "Academy ToolsTests.xctest"; sourceTree = BUILT_PRODUCTS_DIR; };
		08F58E621C7F91E9001B21FB /* Academy_ToolsTests.swift */ = {isa = PBXFileReference; lastKnownFileType = sourcecode.swift; path = Academy_ToolsTests.swift; sourceTree = "<group>"; };
		08F58E641C7F91E9001B21FB /* Info.plist */ = {isa = PBXFileReference; lastKnownFileType = text.plist.xml; path = Info.plist; sourceTree = "<group>"; };
		08F58E6D1C7FA461001B21FB /* ConnectedToNetwork.swift */ = {isa = PBXFileReference; fileEncoding = 4; lastKnownFileType = sourcecode.swift; path = ConnectedToNetwork.swift; sourceTree = "<group>"; };
		08F58E6F1C7FFFB0001B21FB /* AcademyTableViewController.swift */ = {isa = PBXFileReference; fileEncoding = 4; lastKnownFileType = sourcecode.swift; path = AcademyTableViewController.swift; sourceTree = "<group>"; };
		08F58E711C8001CC001B21FB /* Academy.swift */ = {isa = PBXFileReference; fileEncoding = 4; lastKnownFileType = sourcecode.swift; name = Academy.swift; path = ../Academy.swift; sourceTree = "<group>"; };
		08F58E731C800B9C001B21FB /* SwiftyJSON.swift */ = {isa = PBXFileReference; fileEncoding = 4; lastKnownFileType = sourcecode.swift; path = SwiftyJSON.swift; sourceTree = "<group>"; };
		08F58E751C8011E9001B21FB /* AcademyTableViewCell.swift */ = {isa = PBXFileReference; fileEncoding = 4; lastKnownFileType = sourcecode.swift; path = AcademyTableViewCell.swift; sourceTree = "<group>"; };
		08F58E771C80A1AA001B21FB /* StudentTableViewController.swift */ = {isa = PBXFileReference; fileEncoding = 4; lastKnownFileType = sourcecode.swift; path = StudentTableViewController.swift; sourceTree = "<group>"; };
		08F58E791C80B611001B21FB /* Student.swift */ = {isa = PBXFileReference; fileEncoding = 4; lastKnownFileType = sourcecode.swift; path = Student.swift; sourceTree = "<group>"; };
		08F58E7B1C80F40E001B21FB /* StudentTableViewCell.swift */ = {isa = PBXFileReference; fileEncoding = 4; lastKnownFileType = sourcecode.swift; path = StudentTableViewCell.swift; sourceTree = "<group>"; };
		08F58E7D1C81362B001B21FB /* Skill.swift */ = {isa = PBXFileReference; fileEncoding = 4; lastKnownFileType = sourcecode.swift; path = Skill.swift; sourceTree = "<group>"; };
		08F58E7F1C813675001B21FB /* SkillMeasure.swift */ = {isa = PBXFileReference; fileEncoding = 4; lastKnownFileType = sourcecode.swift; path = SkillMeasure.swift; sourceTree = "<group>"; };
		08F58E811C82B920001B21FB /* StudentViewController.swift */ = {isa = PBXFileReference; fileEncoding = 4; lastKnownFileType = sourcecode.swift; path = StudentViewController.swift; sourceTree = "<group>"; };
/* End PBXFileReference section */

/* Begin PBXFrameworksBuildPhase section */
		08F58E441C7F91E8001B21FB /* Frameworks */ = {
			isa = PBXFrameworksBuildPhase;
			buildActionMask = 2147483647;
			files = (
				081E01211C936C8600C3171A /* GRDB.framework in Frameworks */,
			);
			runOnlyForDeploymentPostprocessing = 0;
		};
		08F58E5B1C7F91E9001B21FB /* Frameworks */ = {
			isa = PBXFrameworksBuildPhase;
			buildActionMask = 2147483647;
			files = (
			);
			runOnlyForDeploymentPostprocessing = 0;
		};
/* End PBXFrameworksBuildPhase section */

/* Begin PBXGroup section */
		081E010B1C936C2900C3171A /* Products */ = {
			isa = PBXGroup;
			children = (
				081E01151C936C2900C3171A /* GRDB.framework */,
				081E01171C936C2900C3171A /* GRDBOSXCrashTests.xctest */,
				081E01191C936C2900C3171A /* GRDBTests.xctest */,
				081E011B1C936C2900C3171A /* GRDBOSXPerformanceTests.xctest */,
				081E011D1C936C2900C3171A /* GRDB.framework */,
				081E011F1C936C2900C3171A /* GRDBTests.xctest */,
			);
			name = Products;
			sourceTree = "<group>";
		};
		08F58E3E1C7F91E8001B21FB = {
			isa = PBXGroup;
			children = (
				08F58E491C7F91E8001B21FB /* Academy Tools */,
				08F58E611C7F91E9001B21FB /* Academy ToolsTests */,
				08F58E481C7F91E8001B21FB /* Products */,
				081E010A1C936C2900C3171A /* GRDB.xcodeproj */,
			);
			sourceTree = "<group>";
		};
		08F58E481C7F91E8001B21FB /* Products */ = {
			isa = PBXGroup;
			children = (
				08F58E471C7F91E8001B21FB /* Academy Tools.app */,
				08F58E5E1C7F91E9001B21FB /* Academy ToolsTests.xctest */,
			);
			name = Products;
			sourceTree = "<group>";
		};
		08F58E491C7F91E8001B21FB /* Academy Tools */ = {
			isa = PBXGroup;
			children = (
				08F58E711C8001CC001B21FB /* Academy.swift */,
				08F58E4A1C7F91E8001B21FB /* AppDelegate.swift */,
				08F58E4C1C7F91E8001B21FB /* ViewController.swift */,
				081E01221C93729D00C3171A /* DB.swift */,
				08D906D41C84E16500661C69 /* LoginViewController.swift */,
				08F58E6F1C7FFFB0001B21FB /* AcademyTableViewController.swift */,
				08F58E771C80A1AA001B21FB /* StudentTableViewController.swift */,
				08F58E7B1C80F40E001B21FB /* StudentTableViewCell.swift */,
				08F58E751C8011E9001B21FB /* AcademyTableViewCell.swift */,
				087BAA451C8947AC00575845 /* EvalTableViewCell.swift */,
				085BF18F1C8E22870012F3AE /* StudentEvalTableViewCell.swift */,
				085BF18D1C8E1A450012F3AE /* StudentEvalTableViewController.swift */,
				08F58E4E1C7F91E8001B21FB /* Main.storyboard */,
				08D906D81C85F9EF00661C69 /* StartupViewController.swift */,
				08F58E811C82B920001B21FB /* StudentViewController.swift */,
				08F58E731C800B9C001B21FB /* SwiftyJSON.swift */,
				08F58E791C80B611001B21FB /* Student.swift */,
				08F58E6D1C7FA461001B21FB /* ConnectedToNetwork.swift */,
				08F58E541C7F91E8001B21FB /* Assets.xcassets */,
				08F58E561C7F91E8001B21FB /* LaunchScreen.storyboard */,
				08F58E591C7F91E8001B21FB /* Info.plist */,
				08F58E511C7F91E8001B21FB /* Academy_Tools.xcdatamodeld */,
				08F58E7D1C81362B001B21FB /* Skill.swift */,
				087BAA411C86A38000575845 /* StudentEval.swift */,
				08F58E7F1C813675001B21FB /* SkillMeasure.swift */,
				087BAA431C86A52700575845 /* StudentMeasure.swift */,
				08D906D61C84EA5900661C69 /* Instructor.swift */,
			);
			path = "Academy Tools";
			sourceTree = "<group>";
		};
		08F58E611C7F91E9001B21FB /* Academy ToolsTests */ = {
			isa = PBXGroup;
			children = (
				08F58E621C7F91E9001B21FB /* Academy_ToolsTests.swift */,
				08F58E641C7F91E9001B21FB /* Info.plist */,
			);
			path = "Academy ToolsTests";
			sourceTree = "<group>";
		};
/* End PBXGroup section */

/* Begin PBXNativeTarget section */
		08F58E461C7F91E8001B21FB /* Academy Tools */ = {
			isa = PBXNativeTarget;
			buildConfigurationList = 08F58E671C7F91E9001B21FB /* Build configuration list for PBXNativeTarget "Academy Tools" */;
			buildPhases = (
				08F58E431C7F91E8001B21FB /* Sources */,
				08F58E441C7F91E8001B21FB /* Frameworks */,
				08F58E451C7F91E8001B21FB /* Resources */,
			);
			buildRules = (
			);
			dependencies = (
			);
			name = "Academy Tools";
			productName = "Academy Tools";
			productReference = 08F58E471C7F91E8001B21FB /* Academy Tools.app */;
			productType = "com.apple.product-type.application";
		};
		08F58E5D1C7F91E9001B21FB /* Academy ToolsTests */ = {
			isa = PBXNativeTarget;
			buildConfigurationList = 08F58E6A1C7F91E9001B21FB /* Build configuration list for PBXNativeTarget "Academy ToolsTests" */;
			buildPhases = (
				08F58E5A1C7F91E9001B21FB /* Sources */,
				08F58E5B1C7F91E9001B21FB /* Frameworks */,
				08F58E5C1C7F91E9001B21FB /* Resources */,
			);
			buildRules = (
			);
			dependencies = (
				08F58E601C7F91E9001B21FB /* PBXTargetDependency */,
			);
			name = "Academy ToolsTests";
			productName = "Academy ToolsTests";
			productReference = 08F58E5E1C7F91E9001B21FB /* Academy ToolsTests.xctest */;
			productType = "com.apple.product-type.bundle.unit-test";
		};
/* End PBXNativeTarget section */

/* Begin PBXProject section */
		08F58E3F1C7F91E8001B21FB /* Project object */ = {
			isa = PBXProject;
			attributes = {
				LastSwiftUpdateCheck = 0720;
				LastUpgradeCheck = 0720;
				ORGANIZATIONNAME = IFSI;
				TargetAttributes = {
					08F58E461C7F91E8001B21FB = {
						CreatedOnToolsVersion = 7.2.1;
						DevelopmentTeam = JHM5ESJTC4;
					};
					08F58E5D1C7F91E9001B21FB = {
						CreatedOnToolsVersion = 7.2.1;
						DevelopmentTeam = JHM5ESJTC4;
						TestTargetID = 08F58E461C7F91E8001B21FB;
					};
				};
			};
			buildConfigurationList = 08F58E421C7F91E8001B21FB /* Build configuration list for PBXProject "Academy Tools" */;
			compatibilityVersion = "Xcode 3.2";
			developmentRegion = English;
			hasScannedForEncodings = 0;
			knownRegions = (
				en,
				Base,
			);
			mainGroup = 08F58E3E1C7F91E8001B21FB;
			productRefGroup = 08F58E481C7F91E8001B21FB /* Products */;
			projectDirPath = "";
			projectReferences = (
				{
					ProductGroup = 081E010B1C936C2900C3171A /* Products */;
					ProjectRef = 081E010A1C936C2900C3171A /* GRDB.xcodeproj */;
				},
			);
			projectRoot = "";
			targets = (
				08F58E461C7F91E8001B21FB /* Academy Tools */,
				08F58E5D1C7F91E9001B21FB /* Academy ToolsTests */,
			);
		};
/* End PBXProject section */

/* Begin PBXReferenceProxy section */
		081E01151C936C2900C3171A /* GRDB.framework */ = {
			isa = PBXReferenceProxy;
			fileType = wrapper.framework;
			path = GRDB.framework;
			remoteRef = 081E01141C936C2900C3171A /* PBXContainerItemProxy */;
			sourceTree = BUILT_PRODUCTS_DIR;
		};
		081E01171C936C2900C3171A /* GRDBOSXCrashTests.xctest */ = {
			isa = PBXReferenceProxy;
			fileType = wrapper.cfbundle;
			path = GRDBOSXCrashTests.xctest;
			remoteRef = 081E01161C936C2900C3171A /* PBXContainerItemProxy */;
			sourceTree = BUILT_PRODUCTS_DIR;
		};
		081E01191C936C2900C3171A /* GRDBTests.xctest */ = {
			isa = PBXReferenceProxy;
			fileType = wrapper.cfbundle;
			path = GRDBTests.xctest;
			remoteRef = 081E01181C936C2900C3171A /* PBXContainerItemProxy */;
			sourceTree = BUILT_PRODUCTS_DIR;
		};
		081E011B1C936C2900C3171A /* GRDBOSXPerformanceTests.xctest */ = {
			isa = PBXReferenceProxy;
			fileType = wrapper.cfbundle;
			path = GRDBOSXPerformanceTests.xctest;
			remoteRef = 081E011A1C936C2900C3171A /* PBXContainerItemProxy */;
			sourceTree = BUILT_PRODUCTS_DIR;
		};
		081E011D1C936C2900C3171A /* GRDB.framework */ = {
			isa = PBXReferenceProxy;
			fileType = wrapper.framework;
			path = GRDB.framework;
			remoteRef = 081E011C1C936C2900C3171A /* PBXContainerItemProxy */;
			sourceTree = BUILT_PRODUCTS_DIR;
		};
		081E011F1C936C2900C3171A /* GRDBTests.xctest */ = {
			isa = PBXReferenceProxy;
			fileType = wrapper.cfbundle;
			path = GRDBTests.xctest;
			remoteRef = 081E011E1C936C2900C3171A /* PBXContainerItemProxy */;
			sourceTree = BUILT_PRODUCTS_DIR;
		};
/* End PBXReferenceProxy section */

/* Begin PBXResourcesBuildPhase section */
		08F58E451C7F91E8001B21FB /* Resources */ = {
			isa = PBXResourcesBuildPhase;
			buildActionMask = 2147483647;
			files = (
				08F58E581C7F91E8001B21FB /* LaunchScreen.storyboard in Resources */,
				08F58E551C7F91E8001B21FB /* Assets.xcassets in Resources */,
				08F58E501C7F91E8001B21FB /* Main.storyboard in Resources */,
			);
			runOnlyForDeploymentPostprocessing = 0;
		};
		08F58E5C1C7F91E9001B21FB /* Resources */ = {
			isa = PBXResourcesBuildPhase;
			buildActionMask = 2147483647;
			files = (
			);
			runOnlyForDeploymentPostprocessing = 0;
		};
/* End PBXResourcesBuildPhase section */

/* Begin PBXSourcesBuildPhase section */
		08F58E431C7F91E8001B21FB /* Sources */ = {
			isa = PBXSourcesBuildPhase;
			buildActionMask = 2147483647;
			files = (
				085BF1901C8E22870012F3AE /* StudentEvalTableViewCell.swift in Sources */,
				08F58E801C813675001B21FB /* SkillMeasure.swift in Sources */,
				08F58E4D1C7F91E8001B21FB /* ViewController.swift in Sources */,
				08F58E4B1C7F91E8001B21FB /* AppDelegate.swift in Sources */,
				087BAA441C86A52700575845 /* StudentMeasure.swift in Sources */,
				08D906D51C84E16500661C69 /* LoginViewController.swift in Sources */,
				087BAA461C8947AC00575845 /* EvalTableViewCell.swift in Sources */,
				08F58E721C8001CC001B21FB /* Academy.swift in Sources */,
				08F58E7A1C80B611001B21FB /* Student.swift in Sources */,
				08F58E531C7F91E8001B21FB /* Academy_Tools.xcdatamodeld in Sources */,
				08D906D91C85F9EF00661C69 /* StartupViewController.swift in Sources */,
				08F58E761C8011E9001B21FB /* AcademyTableViewCell.swift in Sources */,
				08D906D71C84EA5900661C69 /* Instructor.swift in Sources */,
				081E01231C93729D00C3171A /* DB.swift in Sources */,
				08F58E701C7FFFB0001B21FB /* AcademyTableViewController.swift in Sources */,
				08F58E741C800B9C001B21FB /* SwiftyJSON.swift in Sources */,
				08F58E6E1C7FA461001B21FB /* ConnectedToNetwork.swift in Sources */,
				087BAA421C86A38000575845 /* StudentEval.swift in Sources */,
				08F58E7E1C81362B001B21FB /* Skill.swift in Sources */,
				08F58E7C1C80F40E001B21FB /* StudentTableViewCell.swift in Sources */,
				08F58E821C82B920001B21FB /* StudentViewController.swift in Sources */,
				085BF18E1C8E1A450012F3AE /* StudentEvalTableViewController.swift in Sources */,
				08F58E781C80A1AA001B21FB /* StudentTableViewController.swift in Sources */,
			);
			runOnlyForDeploymentPostprocessing = 0;
		};
		08F58E5A1C7F91E9001B21FB /* Sources */ = {
			isa = PBXSourcesBuildPhase;
			buildActionMask = 2147483647;
			files = (
				08F58E631C7F91E9001B21FB /* Academy_ToolsTests.swift in Sources */,
			);
			runOnlyForDeploymentPostprocessing = 0;
		};
/* End PBXSourcesBuildPhase section */

/* Begin PBXTargetDependency section */
		08F58E601C7F91E9001B21FB /* PBXTargetDependency */ = {
			isa = PBXTargetDependency;
			target = 08F58E461C7F91E8001B21FB /* Academy Tools */;
			targetProxy = 08F58E5F1C7F91E9001B21FB /* PBXContainerItemProxy */;
		};
/* End PBXTargetDependency section */

/* Begin PBXVariantGroup section */
		08F58E4E1C7F91E8001B21FB /* Main.storyboard */ = {
			isa = PBXVariantGroup;
			children = (
				08F58E4F1C7F91E8001B21FB /* Base */,
			);
			name = Main.storyboard;
			sourceTree = "<group>";
		};
		08F58E561C7F91E8001B21FB /* LaunchScreen.storyboard */ = {
			isa = PBXVariantGroup;
			children = (
				08F58E571C7F91E8001B21FB /* Base */,
			);
			name = LaunchScreen.storyboard;
			sourceTree = "<group>";
		};
/* End PBXVariantGroup section */

/* Begin XCBuildConfiguration section */
		08F58E651C7F91E9001B21FB /* Debug */ = {
			isa = XCBuildConfiguration;
			buildSettings = {
				ALWAYS_SEARCH_USER_PATHS = NO;
				CLANG_CXX_LANGUAGE_STANDARD = "gnu++0x";
				CLANG_CXX_LIBRARY = "libc++";
				CLANG_ENABLE_MODULES = YES;
				CLANG_ENABLE_OBJC_ARC = YES;
				CLANG_WARN_BOOL_CONVERSION = YES;
				CLANG_WARN_CONSTANT_CONVERSION = YES;
				CLANG_WARN_DIRECT_OBJC_ISA_USAGE = YES_ERROR;
				CLANG_WARN_EMPTY_BODY = YES;
				CLANG_WARN_ENUM_CONVERSION = YES;
				CLANG_WARN_INT_CONVERSION = YES;
				CLANG_WARN_OBJC_ROOT_CLASS = YES_ERROR;
				CLANG_WARN_UNREACHABLE_CODE = YES;
				CLANG_WARN__DUPLICATE_METHOD_MATCH = YES;
				"CODE_SIGN_IDENTITY[sdk=iphoneos*]" = "iPhone Developer";
				COPY_PHASE_STRIP = NO;
				DEBUG_INFORMATION_FORMAT = dwarf;
				ENABLE_STRICT_OBJC_MSGSEND = YES;
				ENABLE_TESTABILITY = YES;
				GCC_C_LANGUAGE_STANDARD = gnu99;
				GCC_DYNAMIC_NO_PIC = NO;
				GCC_NO_COMMON_BLOCKS = YES;
				GCC_OPTIMIZATION_LEVEL = 0;
				GCC_PREPROCESSOR_DEFINITIONS = (
					"DEBUG=1",
					"$(inherited)",
				);
				GCC_WARN_64_TO_32_BIT_CONVERSION = YES;
				GCC_WARN_ABOUT_RETURN_TYPE = YES_ERROR;
				GCC_WARN_UNDECLARED_SELECTOR = YES;
				GCC_WARN_UNINITIALIZED_AUTOS = YES_AGGRESSIVE;
				GCC_WARN_UNUSED_FUNCTION = YES;
				GCC_WARN_UNUSED_VARIABLE = YES;
				IPHONEOS_DEPLOYMENT_TARGET = 9.2;
				MTL_ENABLE_DEBUG_INFO = YES;
				ONLY_ACTIVE_ARCH = YES;
				SDKROOT = iphoneos;
				SWIFT_OPTIMIZATION_LEVEL = "-Onone";
				TARGETED_DEVICE_FAMILY = "1,2";
			};
			name = Debug;
		};
		08F58E661C7F91E9001B21FB /* Release */ = {
			isa = XCBuildConfiguration;
			buildSettings = {
				ALWAYS_SEARCH_USER_PATHS = NO;
				CLANG_CXX_LANGUAGE_STANDARD = "gnu++0x";
				CLANG_CXX_LIBRARY = "libc++";
				CLANG_ENABLE_MODULES = YES;
				CLANG_ENABLE_OBJC_ARC = YES;
				CLANG_WARN_BOOL_CONVERSION = YES;
				CLANG_WARN_CONSTANT_CONVERSION = YES;
				CLANG_WARN_DIRECT_OBJC_ISA_USAGE = YES_ERROR;
				CLANG_WARN_EMPTY_BODY = YES;
				CLANG_WARN_ENUM_CONVERSION = YES;
				CLANG_WARN_INT_CONVERSION = YES;
				CLANG_WARN_OBJC_ROOT_CLASS = YES_ERROR;
				CLANG_WARN_UNREACHABLE_CODE = YES;
				CLANG_WARN__DUPLICATE_METHOD_MATCH = YES;
				"CODE_SIGN_IDENTITY[sdk=iphoneos*]" = "iPhone Developer";
				COPY_PHASE_STRIP = NO;
				DEBUG_INFORMATION_FORMAT = "dwarf-with-dsym";
				ENABLE_NS_ASSERTIONS = NO;
				ENABLE_STRICT_OBJC_MSGSEND = YES;
				GCC_C_LANGUAGE_STANDARD = gnu99;
				GCC_NO_COMMON_BLOCKS = YES;
				GCC_WARN_64_TO_32_BIT_CONVERSION = YES;
				GCC_WARN_ABOUT_RETURN_TYPE = YES_ERROR;
				GCC_WARN_UNDECLARED_SELECTOR = YES;
				GCC_WARN_UNINITIALIZED_AUTOS = YES_AGGRESSIVE;
				GCC_WARN_UNUSED_FUNCTION = YES;
				GCC_WARN_UNUSED_VARIABLE = YES;
				IPHONEOS_DEPLOYMENT_TARGET = 9.2;
				MTL_ENABLE_DEBUG_INFO = NO;
				SDKROOT = iphoneos;
				TARGETED_DEVICE_FAMILY = "1,2";
				VALIDATE_PRODUCT = YES;
			};
			name = Release;
		};
		08F58E681C7F91E9001B21FB /* Debug */ = {
			isa = XCBuildConfiguration;
			buildSettings = {
				ASSETCATALOG_COMPILER_APPICON_NAME = AppIcon;
				INFOPLIST_FILE = "Academy Tools/Info.plist";
				IPHONEOS_DEPLOYMENT_TARGET = 9.2;
				LD_RUNPATH_SEARCH_PATHS = "$(inherited) @executable_path/Frameworks";
				PRODUCT_BUNDLE_IDENTIFIER = "edu.illinois.fsi.Academy-Tools";
				PRODUCT_NAME = "$(TARGET_NAME)";
			};
			name = Debug;
		};
		08F58E691C7F91E9001B21FB /* Release */ = {
			isa = XCBuildConfiguration;
			buildSettings = {
				ASSETCATALOG_COMPILER_APPICON_NAME = AppIcon;
				INFOPLIST_FILE = "Academy Tools/Info.plist";
				IPHONEOS_DEPLOYMENT_TARGET = 9.2;
				LD_RUNPATH_SEARCH_PATHS = "$(inherited) @executable_path/Frameworks";
				PRODUCT_BUNDLE_IDENTIFIER = "edu.illinois.fsi.Academy-Tools";
				PRODUCT_NAME = "$(TARGET_NAME)";
			};
			name = Release;
		};
		08F58E6B1C7F91E9001B21FB /* Debug */ = {
			isa = XCBuildConfiguration;
			buildSettings = {
				BUNDLE_LOADER = "$(TEST_HOST)";
				INFOPLIST_FILE = "Academy ToolsTests/Info.plist";
				LD_RUNPATH_SEARCH_PATHS = "$(inherited) @executable_path/Frameworks @loader_path/Frameworks";
				PRODUCT_BUNDLE_IDENTIFIER = "edu.illinois.fsi.Academy-ToolsTests";
				PRODUCT_NAME = "$(TARGET_NAME)";
				TEST_HOST = "$(BUILT_PRODUCTS_DIR)/Academy Tools.app/Academy Tools";
			};
			name = Debug;
		};
		08F58E6C1C7F91E9001B21FB /* Release */ = {
			isa = XCBuildConfiguration;
			buildSettings = {
				BUNDLE_LOADER = "$(TEST_HOST)";
				INFOPLIST_FILE = "Academy ToolsTests/Info.plist";
				LD_RUNPATH_SEARCH_PATHS = "$(inherited) @executable_path/Frameworks @loader_path/Frameworks";
				PRODUCT_BUNDLE_IDENTIFIER = "edu.illinois.fsi.Academy-ToolsTests";
				PRODUCT_NAME = "$(TARGET_NAME)";
				TEST_HOST = "$(BUILT_PRODUCTS_DIR)/Academy Tools.app/Academy Tools";
			};
			name = Release;
		};
/* End XCBuildConfiguration section */

/* Begin XCConfigurationList section */
		08F58E421C7F91E8001B21FB /* Build configuration list for PBXProject "Academy Tools" */ = {
			isa = XCConfigurationList;
			buildConfigurations = (
				08F58E651C7F91E9001B21FB /* Debug */,
				08F58E661C7F91E9001B21FB /* Release */,
			);
			defaultConfigurationIsVisible = 0;
			defaultConfigurationName = Release;
		};
		08F58E671C7F91E9001B21FB /* Build configuration list for PBXNativeTarget "Academy Tools" */ = {
			isa = XCConfigurationList;
			buildConfigurations = (
				08F58E681C7F91E9001B21FB /* Debug */,
				08F58E691C7F91E9001B21FB /* Release */,
			);
			defaultConfigurationIsVisible = 0;
			defaultConfigurationName = Release;
		};
		08F58E6A1C7F91E9001B21FB /* Build configuration list for PBXNativeTarget "Academy ToolsTests" */ = {
			isa = XCConfigurationList;
			buildConfigurations = (
				08F58E6B1C7F91E9001B21FB /* Debug */,
				08F58E6C1C7F91E9001B21FB /* Release */,
			);
			defaultConfigurationIsVisible = 0;
			defaultConfigurationName = Release;
		};
/* End XCConfigurationList section */

/* Begin XCVersionGroup section */
		08F58E511C7F91E8001B21FB /* Academy_Tools.xcdatamodeld */ = {
			isa = XCVersionGroup;
			children = (
				08F58E521C7F91E8001B21FB /* Academy_Tools.xcdatamodel */,
			);
			currentVersion = 08F58E521C7F91E8001B21FB /* Academy_Tools.xcdatamodel */;
			path = Academy_Tools.xcdatamodeld;
			sourceTree = "<group>";
			versionGroupType = wrapper.xcdatamodel;
		};
/* End XCVersionGroup section */
	};
	rootObject = 08F58E3F1C7F91E8001B21FB /* Project object */;
}
